
Microsoft Visual Studio Solution File, Format Version 12.00
# Visual Studio Version 17
VisualStudioVersion = 17.0.31912.275
MinimumVisualStudioVersion = 15.0.26124.0
Project("{9A19103F-16F7-4668-BE54-9A1E7A4F7556}") = "FreeRedis", "src\FreeRedis\FreeRedis.csproj", "{B07C7025-4191-4243-A6AB-34B5BE539450}"
EndProject
Project("{9A19103F-16F7-4668-BE54-9A1E7A4F7556}") = "FreeRedis.Tests", "test\Unit\FreeRedis.Tests\FreeRedis.Tests.csproj", "{0B3C7701-6B75-4C33-9839-5E71B771C6FE}"
EndProject
Project("{2150E333-8FDC-42A3-9474-1A3956D46DE8}") = "docs", "docs", "{C65D7453-84B4-46F9-8112-A42B09FB4912}"
	ProjectSection(SolutionItems) = preProject
		readme.md = readme.md
		README.zh-CN.md = README.zh-CN.md
	EndProjectSection
EndProject
Project("{2150E333-8FDC-42A3-9474-1A3956D46DE8}") = "examples", "examples", "{DD1426BF-F56F-49A8-9D4E-2BA0E3BEFC72}"
EndProject
Project("{9A19103F-16F7-4668-BE54-9A1E7A4F7556}") = "console_netcore31", "examples\console_netcore31\console_netcore31.csproj", "{39A0490D-FF53-4A82-B6F7-3998AC346759}"
EndProject
Project("{9A19103F-16F7-4668-BE54-9A1E7A4F7556}") = "console_netcore31_vs", "examples\console_netcore31_vs\console_netcore31_vs.csproj", "{A2952C91-C838-42FB-B628-2130100FF190}"
EndProject
Project("{2150E333-8FDC-42A3-9474-1A3956D46DE8}") = "src", "src", "{D8045351-59E4-45B9-81F5-D21CC0996344}"
EndProject
Project("{2150E333-8FDC-42A3-9474-1A3956D46DE8}") = "test", "test", "{ECEC9840-4A56-4E55-B6C5-E84A79DFDBC4}"
EndProject
Project("{2150E333-8FDC-42A3-9474-1A3956D46DE8}") = "Benchmark", "Benchmark", "{A75FEF18-38D5-48A6-B412-E08E648104BC}"
EndProject
Project("{9A19103F-16F7-4668-BE54-9A1E7A4F7556}") = "ConcurrentWriteBytes", "test\Benchmark\ConcurrentWriteBytes\ConcurrentWriteBytes.csproj", "{735C68EB-D4BC-4452-BD69-151E31D283AD}"
EndProject
Project("{9A19103F-16F7-4668-BE54-9A1E7A4F7556}") = "IntrinsicsTest", "test\Benchmark\IntrinsicsTest\IntrinsicsTest.csproj", "{5FD085A0-84AA-4099-8B7F-9BC65A63073E}"
EndProject
Project("{2150E333-8FDC-42A3-9474-1A3956D46DE8}") = "Unit", "Unit", "{36C8EC48-1329-4251-B795-7AEFC446EF60}"
EndProject
Project("{9A19103F-16F7-4668-BE54-9A1E7A4F7556}") = "BytesReaderTest", "test\Benchmark\BytesReaderTest\BytesReaderTest.csproj", "{F94D950B-4AFC-412B-A1D5-5D277486DF57}"
EndProject
Project("{9A19103F-16F7-4668-BE54-9A1E7A4F7556}") = "FreeRedis.Build.Cli", "src\FreeRedis.Build.Cli\FreeRedis.Build.Cli.csproj", "{EF59B801-0228-436D-88DA-DCBD58C7E074}"
EndProject
Project("{9A19103F-16F7-4668-BE54-9A1E7A4F7556}") = "DispatcherTest", "test\Benchmark\DispatcherTest\DispatcherTest.csproj", "{832FD7BE-76DC-4AA4-BE8C-239346D4A1C6}"
EndProject
Project("{2150E333-8FDC-42A3-9474-1A3956D46DE8}") = "experimental", "experimental", "{B162D573-4F87-46C0-AFBC-444A5CB5997A}"
EndProject
Project("{9A19103F-16F7-4668-BE54-9A1E7A4F7556}") = "FreeRedis.Transport", "experimental\FreeRedis.Transport\FreeRedis.Transport.csproj", "{35BE5A9B-6830-43B2-BAF8-B2EE67248E69}"
EndProject
Project("{9A19103F-16F7-4668-BE54-9A1E7A4F7556}") = "FreeRedis.Engine", "experimental\FreeRedis.Engine\FreeRedis.Engine.csproj", "{FF22ABEC-FCB4-4795-812C-341481E3FA70}"
EndProject
Project("{9A19103F-16F7-4668-BE54-9A1E7A4F7556}") = "FreeRedis.Client", "experimental\FreeRedis.Client\FreeRedis.Client.csproj", "{4B571A5A-A7FE-4F69-89B4-F79D6E1477A9}"
EndProject
Project("{9A19103F-16F7-4668-BE54-9A1E7A4F7556}") = "NewRedisTest", "examples\NewRedisTest\NewRedisTest.csproj", "{E056735F-58CB-436D-A8BE-CCEFC5587C99}"
EndProject
Project("{9A19103F-16F7-4668-BE54-9A1E7A4F7556}") = "we", "we\we.csproj", "{0A01A76A-08C4-48EC-AC24-70893B0F1557}"
EndProject
Project("{9A19103F-16F7-4668-BE54-9A1E7A4F7556}") = "ConsoleApp1", "examples\ConsoleApp1\ConsoleApp1.csproj", "{FD4FF951-6520-49D1-8E14-D5E9DF20FD0A}"
EndProject
Project("{9A19103F-16F7-4668-BE54-9A1E7A4F7556}") = "FreeRedis.NewClient", "experimental\FreeRedis.NewClient\FreeRedis.NewClient\FreeRedis.NewClient.csproj", "{2D020D05-7646-4BC0-831A-1889B5346A8B}"
EndProject
Project("{9A19103F-16F7-4668-BE54-9A1E7A4F7556}") = "ConsoleApp2", "examples\ConsoleApp2\ConsoleApp2.csproj", "{28F8D54D-95F0-464C-A784-68FBBD1C8F8B}"
EndProject
Project("{9A19103F-16F7-4668-BE54-9A1E7A4F7556}") = "BaseCSharpTest", "test\Benchmark\BaseCSharpTest\BaseCSharpTest.csproj", "{0D3165AF-CA23-4ECB-8CB0-952B0395578F}"
EndProject
Project("{FAE04EC0-301F-11D3-BF4B-00C04F79EFBC}") = "CircleBufferTest", "test\Benchmark\CircleBufferTest\CircleBufferTest.csproj", "{999C3E5A-6AA3-4D0C-B9C7-221A0E3A15A3}"
EndProject
Global
	GlobalSection(SolutionConfigurationPlatforms) = preSolution
		Debug|Any CPU = Debug|Any CPU
		Debug|x64 = Debug|x64
		Debug|x86 = Debug|x86
		Release|Any CPU = Release|Any CPU
		Release|x64 = Release|x64
		Release|x86 = Release|x86
	EndGlobalSection
	GlobalSection(ProjectConfigurationPlatforms) = postSolution
		{B07C7025-4191-4243-A6AB-34B5BE539450}.Debug|Any CPU.ActiveCfg = Debug|Any CPU
		{B07C7025-4191-4243-A6AB-34B5BE539450}.Debug|Any CPU.Build.0 = Debug|Any CPU
		{B07C7025-4191-4243-A6AB-34B5BE539450}.Debug|x64.ActiveCfg = Debug|Any CPU
		{B07C7025-4191-4243-A6AB-34B5BE539450}.Debug|x64.Build.0 = Debug|Any CPU
		{B07C7025-4191-4243-A6AB-34B5BE539450}.Debug|x86.ActiveCfg = Debug|Any CPU
		{B07C7025-4191-4243-A6AB-34B5BE539450}.Debug|x86.Build.0 = Debug|Any CPU
		{B07C7025-4191-4243-A6AB-34B5BE539450}.Release|Any CPU.ActiveCfg = Release|Any CPU
		{B07C7025-4191-4243-A6AB-34B5BE539450}.Release|Any CPU.Build.0 = Release|Any CPU
		{B07C7025-4191-4243-A6AB-34B5BE539450}.Release|x64.ActiveCfg = Release|Any CPU
		{B07C7025-4191-4243-A6AB-34B5BE539450}.Release|x64.Build.0 = Release|Any CPU
		{B07C7025-4191-4243-A6AB-34B5BE539450}.Release|x86.ActiveCfg = Release|Any CPU
		{B07C7025-4191-4243-A6AB-34B5BE539450}.Release|x86.Build.0 = Release|Any CPU
		{0B3C7701-6B75-4C33-9839-5E71B771C6FE}.Debug|Any CPU.ActiveCfg = Debug|Any CPU
		{0B3C7701-6B75-4C33-9839-5E71B771C6FE}.Debug|Any CPU.Build.0 = Debug|Any CPU
		{0B3C7701-6B75-4C33-9839-5E71B771C6FE}.Debug|x64.ActiveCfg = Debug|Any CPU
		{0B3C7701-6B75-4C33-9839-5E71B771C6FE}.Debug|x64.Build.0 = Debug|Any CPU
		{0B3C7701-6B75-4C33-9839-5E71B771C6FE}.Debug|x86.ActiveCfg = Debug|Any CPU
		{0B3C7701-6B75-4C33-9839-5E71B771C6FE}.Debug|x86.Build.0 = Debug|Any CPU
		{0B3C7701-6B75-4C33-9839-5E71B771C6FE}.Release|Any CPU.ActiveCfg = Release|Any CPU
		{0B3C7701-6B75-4C33-9839-5E71B771C6FE}.Release|Any CPU.Build.0 = Release|Any CPU
		{0B3C7701-6B75-4C33-9839-5E71B771C6FE}.Release|x64.ActiveCfg = Release|Any CPU
		{0B3C7701-6B75-4C33-9839-5E71B771C6FE}.Release|x64.Build.0 = Release|Any CPU
		{0B3C7701-6B75-4C33-9839-5E71B771C6FE}.Release|x86.ActiveCfg = Release|Any CPU
		{0B3C7701-6B75-4C33-9839-5E71B771C6FE}.Release|x86.Build.0 = Release|Any CPU
		{39A0490D-FF53-4A82-B6F7-3998AC346759}.Debug|Any CPU.ActiveCfg = Debug|Any CPU
		{39A0490D-FF53-4A82-B6F7-3998AC346759}.Debug|Any CPU.Build.0 = Debug|Any CPU
		{39A0490D-FF53-4A82-B6F7-3998AC346759}.Debug|x64.ActiveCfg = Debug|Any CPU
		{39A0490D-FF53-4A82-B6F7-3998AC346759}.Debug|x64.Build.0 = Debug|Any CPU
		{39A0490D-FF53-4A82-B6F7-3998AC346759}.Debug|x86.ActiveCfg = Debug|Any CPU
		{39A0490D-FF53-4A82-B6F7-3998AC346759}.Debug|x86.Build.0 = Debug|Any CPU
		{39A0490D-FF53-4A82-B6F7-3998AC346759}.Release|Any CPU.ActiveCfg = Release|Any CPU
		{39A0490D-FF53-4A82-B6F7-3998AC346759}.Release|Any CPU.Build.0 = Release|Any CPU
		{39A0490D-FF53-4A82-B6F7-3998AC346759}.Release|x64.ActiveCfg = Release|Any CPU
		{39A0490D-FF53-4A82-B6F7-3998AC346759}.Release|x64.Build.0 = Release|Any CPU
		{39A0490D-FF53-4A82-B6F7-3998AC346759}.Release|x86.ActiveCfg = Release|Any CPU
		{39A0490D-FF53-4A82-B6F7-3998AC346759}.Release|x86.Build.0 = Release|Any CPU
		{A2952C91-C838-42FB-B628-2130100FF190}.Debug|Any CPU.ActiveCfg = Debug|Any CPU
		{A2952C91-C838-42FB-B628-2130100FF190}.Debug|Any CPU.Build.0 = Debug|Any CPU
		{A2952C91-C838-42FB-B628-2130100FF190}.Debug|x64.ActiveCfg = Debug|Any CPU
		{A2952C91-C838-42FB-B628-2130100FF190}.Debug|x64.Build.0 = Debug|Any CPU
		{A2952C91-C838-42FB-B628-2130100FF190}.Debug|x86.ActiveCfg = Debug|Any CPU
		{A2952C91-C838-42FB-B628-2130100FF190}.Debug|x86.Build.0 = Debug|Any CPU
		{A2952C91-C838-42FB-B628-2130100FF190}.Release|Any CPU.ActiveCfg = Release|Any CPU
		{A2952C91-C838-42FB-B628-2130100FF190}.Release|Any CPU.Build.0 = Release|Any CPU
		{A2952C91-C838-42FB-B628-2130100FF190}.Release|x64.ActiveCfg = Release|Any CPU
		{A2952C91-C838-42FB-B628-2130100FF190}.Release|x64.Build.0 = Release|Any CPU
		{A2952C91-C838-42FB-B628-2130100FF190}.Release|x86.ActiveCfg = Release|Any CPU
		{A2952C91-C838-42FB-B628-2130100FF190}.Release|x86.Build.0 = Release|Any CPU
		{735C68EB-D4BC-4452-BD69-151E31D283AD}.Debug|Any CPU.ActiveCfg = Debug|Any CPU
		{735C68EB-D4BC-4452-BD69-151E31D283AD}.Debug|Any CPU.Build.0 = Debug|Any CPU
		{735C68EB-D4BC-4452-BD69-151E31D283AD}.Debug|x64.ActiveCfg = Debug|Any CPU
		{735C68EB-D4BC-4452-BD69-151E31D283AD}.Debug|x64.Build.0 = Debug|Any CPU
		{735C68EB-D4BC-4452-BD69-151E31D283AD}.Debug|x86.ActiveCfg = Debug|Any CPU
		{735C68EB-D4BC-4452-BD69-151E31D283AD}.Debug|x86.Build.0 = Debug|Any CPU
		{735C68EB-D4BC-4452-BD69-151E31D283AD}.Release|Any CPU.ActiveCfg = Release|Any CPU
		{735C68EB-D4BC-4452-BD69-151E31D283AD}.Release|Any CPU.Build.0 = Release|Any CPU
		{735C68EB-D4BC-4452-BD69-151E31D283AD}.Release|x64.ActiveCfg = Release|Any CPU
		{735C68EB-D4BC-4452-BD69-151E31D283AD}.Release|x64.Build.0 = Release|Any CPU
		{735C68EB-D4BC-4452-BD69-151E31D283AD}.Release|x86.ActiveCfg = Release|Any CPU
		{735C68EB-D4BC-4452-BD69-151E31D283AD}.Release|x86.Build.0 = Release|Any CPU
		{5FD085A0-84AA-4099-8B7F-9BC65A63073E}.Debug|Any CPU.ActiveCfg = Debug|Any CPU
		{5FD085A0-84AA-4099-8B7F-9BC65A63073E}.Debug|Any CPU.Build.0 = Debug|Any CPU
		{5FD085A0-84AA-4099-8B7F-9BC65A63073E}.Debug|x64.ActiveCfg = Debug|Any CPU
		{5FD085A0-84AA-4099-8B7F-9BC65A63073E}.Debug|x64.Build.0 = Debug|Any CPU
		{5FD085A0-84AA-4099-8B7F-9BC65A63073E}.Debug|x86.ActiveCfg = Debug|Any CPU
		{5FD085A0-84AA-4099-8B7F-9BC65A63073E}.Debug|x86.Build.0 = Debug|Any CPU
		{5FD085A0-84AA-4099-8B7F-9BC65A63073E}.Release|Any CPU.ActiveCfg = Release|Any CPU
		{5FD085A0-84AA-4099-8B7F-9BC65A63073E}.Release|Any CPU.Build.0 = Release|Any CPU
		{5FD085A0-84AA-4099-8B7F-9BC65A63073E}.Release|x64.ActiveCfg = Release|Any CPU
		{5FD085A0-84AA-4099-8B7F-9BC65A63073E}.Release|x64.Build.0 = Release|Any CPU
		{5FD085A0-84AA-4099-8B7F-9BC65A63073E}.Release|x86.ActiveCfg = Release|Any CPU
		{5FD085A0-84AA-4099-8B7F-9BC65A63073E}.Release|x86.Build.0 = Release|Any CPU
		{F94D950B-4AFC-412B-A1D5-5D277486DF57}.Debug|Any CPU.ActiveCfg = Debug|Any CPU
		{F94D950B-4AFC-412B-A1D5-5D277486DF57}.Debug|Any CPU.Build.0 = Debug|Any CPU
		{F94D950B-4AFC-412B-A1D5-5D277486DF57}.Debug|x64.ActiveCfg = Debug|Any CPU
		{F94D950B-4AFC-412B-A1D5-5D277486DF57}.Debug|x64.Build.0 = Debug|Any CPU
		{F94D950B-4AFC-412B-A1D5-5D277486DF57}.Debug|x86.ActiveCfg = Debug|Any CPU
		{F94D950B-4AFC-412B-A1D5-5D277486DF57}.Debug|x86.Build.0 = Debug|Any CPU
		{F94D950B-4AFC-412B-A1D5-5D277486DF57}.Release|Any CPU.ActiveCfg = Release|Any CPU
		{F94D950B-4AFC-412B-A1D5-5D277486DF57}.Release|Any CPU.Build.0 = Release|Any CPU
		{F94D950B-4AFC-412B-A1D5-5D277486DF57}.Release|x64.ActiveCfg = Release|Any CPU
		{F94D950B-4AFC-412B-A1D5-5D277486DF57}.Release|x64.Build.0 = Release|Any CPU
		{F94D950B-4AFC-412B-A1D5-5D277486DF57}.Release|x86.ActiveCfg = Release|Any CPU
		{F94D950B-4AFC-412B-A1D5-5D277486DF57}.Release|x86.Build.0 = Release|Any CPU
		{EF59B801-0228-436D-88DA-DCBD58C7E074}.Debug|Any CPU.ActiveCfg = Debug|Any CPU
		{EF59B801-0228-436D-88DA-DCBD58C7E074}.Debug|Any CPU.Build.0 = Debug|Any CPU
		{EF59B801-0228-436D-88DA-DCBD58C7E074}.Debug|x64.ActiveCfg = Debug|Any CPU
		{EF59B801-0228-436D-88DA-DCBD58C7E074}.Debug|x64.Build.0 = Debug|Any CPU
		{EF59B801-0228-436D-88DA-DCBD58C7E074}.Debug|x86.ActiveCfg = Debug|Any CPU
		{EF59B801-0228-436D-88DA-DCBD58C7E074}.Debug|x86.Build.0 = Debug|Any CPU
		{EF59B801-0228-436D-88DA-DCBD58C7E074}.Release|Any CPU.ActiveCfg = Release|Any CPU
		{EF59B801-0228-436D-88DA-DCBD58C7E074}.Release|Any CPU.Build.0 = Release|Any CPU
		{EF59B801-0228-436D-88DA-DCBD58C7E074}.Release|x64.ActiveCfg = Release|Any CPU
		{EF59B801-0228-436D-88DA-DCBD58C7E074}.Release|x64.Build.0 = Release|Any CPU
		{EF59B801-0228-436D-88DA-DCBD58C7E074}.Release|x86.ActiveCfg = Release|Any CPU
		{EF59B801-0228-436D-88DA-DCBD58C7E074}.Release|x86.Build.0 = Release|Any CPU
		{832FD7BE-76DC-4AA4-BE8C-239346D4A1C6}.Debug|Any CPU.ActiveCfg = Debug|Any CPU
		{832FD7BE-76DC-4AA4-BE8C-239346D4A1C6}.Debug|Any CPU.Build.0 = Debug|Any CPU
		{832FD7BE-76DC-4AA4-BE8C-239346D4A1C6}.Debug|x64.ActiveCfg = Debug|Any CPU
		{832FD7BE-76DC-4AA4-BE8C-239346D4A1C6}.Debug|x64.Build.0 = Debug|Any CPU
		{832FD7BE-76DC-4AA4-BE8C-239346D4A1C6}.Debug|x86.ActiveCfg = Debug|Any CPU
		{832FD7BE-76DC-4AA4-BE8C-239346D4A1C6}.Debug|x86.Build.0 = Debug|Any CPU
		{832FD7BE-76DC-4AA4-BE8C-239346D4A1C6}.Release|Any CPU.ActiveCfg = Release|Any CPU
		{832FD7BE-76DC-4AA4-BE8C-239346D4A1C6}.Release|Any CPU.Build.0 = Release|Any CPU
		{832FD7BE-76DC-4AA4-BE8C-239346D4A1C6}.Release|x64.ActiveCfg = Release|Any CPU
		{832FD7BE-76DC-4AA4-BE8C-239346D4A1C6}.Release|x64.Build.0 = Release|Any CPU
		{832FD7BE-76DC-4AA4-BE8C-239346D4A1C6}.Release|x86.ActiveCfg = Release|Any CPU
		{832FD7BE-76DC-4AA4-BE8C-239346D4A1C6}.Release|x86.Build.0 = Release|Any CPU
		{35BE5A9B-6830-43B2-BAF8-B2EE67248E69}.Debug|Any CPU.ActiveCfg = Debug|Any CPU
		{35BE5A9B-6830-43B2-BAF8-B2EE67248E69}.Debug|Any CPU.Build.0 = Debug|Any CPU
		{35BE5A9B-6830-43B2-BAF8-B2EE67248E69}.Debug|x64.ActiveCfg = Debug|Any CPU
		{35BE5A9B-6830-43B2-BAF8-B2EE67248E69}.Debug|x64.Build.0 = Debug|Any CPU
		{35BE5A9B-6830-43B2-BAF8-B2EE67248E69}.Debug|x86.ActiveCfg = Debug|Any CPU
		{35BE5A9B-6830-43B2-BAF8-B2EE67248E69}.Debug|x86.Build.0 = Debug|Any CPU
		{35BE5A9B-6830-43B2-BAF8-B2EE67248E69}.Release|Any CPU.ActiveCfg = Release|Any CPU
		{35BE5A9B-6830-43B2-BAF8-B2EE67248E69}.Release|Any CPU.Build.0 = Release|Any CPU
		{35BE5A9B-6830-43B2-BAF8-B2EE67248E69}.Release|x64.ActiveCfg = Release|Any CPU
		{35BE5A9B-6830-43B2-BAF8-B2EE67248E69}.Release|x64.Build.0 = Release|Any CPU
		{35BE5A9B-6830-43B2-BAF8-B2EE67248E69}.Release|x86.ActiveCfg = Release|Any CPU
		{35BE5A9B-6830-43B2-BAF8-B2EE67248E69}.Release|x86.Build.0 = Release|Any CPU
		{FF22ABEC-FCB4-4795-812C-341481E3FA70}.Debug|Any CPU.ActiveCfg = Debug|Any CPU
		{FF22ABEC-FCB4-4795-812C-341481E3FA70}.Debug|Any CPU.Build.0 = Debug|Any CPU
		{FF22ABEC-FCB4-4795-812C-341481E3FA70}.Debug|x64.ActiveCfg = Debug|Any CPU
		{FF22ABEC-FCB4-4795-812C-341481E3FA70}.Debug|x64.Build.0 = Debug|Any CPU
		{FF22ABEC-FCB4-4795-812C-341481E3FA70}.Debug|x86.ActiveCfg = Debug|Any CPU
		{FF22ABEC-FCB4-4795-812C-341481E3FA70}.Debug|x86.Build.0 = Debug|Any CPU
		{FF22ABEC-FCB4-4795-812C-341481E3FA70}.Release|Any CPU.ActiveCfg = Release|Any CPU
		{FF22ABEC-FCB4-4795-812C-341481E3FA70}.Release|Any CPU.Build.0 = Release|Any CPU
		{FF22ABEC-FCB4-4795-812C-341481E3FA70}.Release|x64.ActiveCfg = Release|Any CPU
		{FF22ABEC-FCB4-4795-812C-341481E3FA70}.Release|x64.Build.0 = Release|Any CPU
		{FF22ABEC-FCB4-4795-812C-341481E3FA70}.Release|x86.ActiveCfg = Release|Any CPU
		{FF22ABEC-FCB4-4795-812C-341481E3FA70}.Release|x86.Build.0 = Release|Any CPU
		{4B571A5A-A7FE-4F69-89B4-F79D6E1477A9}.Debug|Any CPU.ActiveCfg = Debug|Any CPU
		{4B571A5A-A7FE-4F69-89B4-F79D6E1477A9}.Debug|Any CPU.Build.0 = Debug|Any CPU
		{4B571A5A-A7FE-4F69-89B4-F79D6E1477A9}.Debug|x64.ActiveCfg = Debug|Any CPU
		{4B571A5A-A7FE-4F69-89B4-F79D6E1477A9}.Debug|x64.Build.0 = Debug|Any CPU
		{4B571A5A-A7FE-4F69-89B4-F79D6E1477A9}.Debug|x86.ActiveCfg = Debug|Any CPU
		{4B571A5A-A7FE-4F69-89B4-F79D6E1477A9}.Debug|x86.Build.0 = Debug|Any CPU
		{4B571A5A-A7FE-4F69-89B4-F79D6E1477A9}.Release|Any CPU.ActiveCfg = Release|Any CPU
		{4B571A5A-A7FE-4F69-89B4-F79D6E1477A9}.Release|Any CPU.Build.0 = Release|Any CPU
		{4B571A5A-A7FE-4F69-89B4-F79D6E1477A9}.Release|x64.ActiveCfg = Release|Any CPU
		{4B571A5A-A7FE-4F69-89B4-F79D6E1477A9}.Release|x64.Build.0 = Release|Any CPU
		{4B571A5A-A7FE-4F69-89B4-F79D6E1477A9}.Release|x86.ActiveCfg = Release|Any CPU
		{4B571A5A-A7FE-4F69-89B4-F79D6E1477A9}.Release|x86.Build.0 = Release|Any CPU
		{E056735F-58CB-436D-A8BE-CCEFC5587C99}.Debug|Any CPU.ActiveCfg = Debug|Any CPU
		{E056735F-58CB-436D-A8BE-CCEFC5587C99}.Debug|Any CPU.Build.0 = Debug|Any CPU
		{E056735F-58CB-436D-A8BE-CCEFC5587C99}.Debug|x64.ActiveCfg = Debug|Any CPU
		{E056735F-58CB-436D-A8BE-CCEFC5587C99}.Debug|x64.Build.0 = Debug|Any CPU
		{E056735F-58CB-436D-A8BE-CCEFC5587C99}.Debug|x86.ActiveCfg = Debug|Any CPU
		{E056735F-58CB-436D-A8BE-CCEFC5587C99}.Debug|x86.Build.0 = Debug|Any CPU
		{E056735F-58CB-436D-A8BE-CCEFC5587C99}.Release|Any CPU.ActiveCfg = Release|Any CPU
		{E056735F-58CB-436D-A8BE-CCEFC5587C99}.Release|Any CPU.Build.0 = Release|Any CPU
		{E056735F-58CB-436D-A8BE-CCEFC5587C99}.Release|x64.ActiveCfg = Release|Any CPU
		{E056735F-58CB-436D-A8BE-CCEFC5587C99}.Release|x64.Build.0 = Release|Any CPU
		{E056735F-58CB-436D-A8BE-CCEFC5587C99}.Release|x86.ActiveCfg = Release|Any CPU
		{E056735F-58CB-436D-A8BE-CCEFC5587C99}.Release|x86.Build.0 = Release|Any CPU
		{0A01A76A-08C4-48EC-AC24-70893B0F1557}.Debug|Any CPU.ActiveCfg = Debug|Any CPU
		{0A01A76A-08C4-48EC-AC24-70893B0F1557}.Debug|Any CPU.Build.0 = Debug|Any CPU
		{0A01A76A-08C4-48EC-AC24-70893B0F1557}.Debug|x64.ActiveCfg = Debug|Any CPU
		{0A01A76A-08C4-48EC-AC24-70893B0F1557}.Debug|x64.Build.0 = Debug|Any CPU
		{0A01A76A-08C4-48EC-AC24-70893B0F1557}.Debug|x86.ActiveCfg = Debug|Any CPU
		{0A01A76A-08C4-48EC-AC24-70893B0F1557}.Debug|x86.Build.0 = Debug|Any CPU
		{0A01A76A-08C4-48EC-AC24-70893B0F1557}.Release|Any CPU.ActiveCfg = Release|Any CPU
		{0A01A76A-08C4-48EC-AC24-70893B0F1557}.Release|Any CPU.Build.0 = Release|Any CPU
		{0A01A76A-08C4-48EC-AC24-70893B0F1557}.Release|x64.ActiveCfg = Release|Any CPU
		{0A01A76A-08C4-48EC-AC24-70893B0F1557}.Release|x64.Build.0 = Release|Any CPU
		{0A01A76A-08C4-48EC-AC24-70893B0F1557}.Release|x86.ActiveCfg = Release|Any CPU
		{0A01A76A-08C4-48EC-AC24-70893B0F1557}.Release|x86.Build.0 = Release|Any CPU
		{FD4FF951-6520-49D1-8E14-D5E9DF20FD0A}.Debug|Any CPU.ActiveCfg = Debug|Any CPU
		{FD4FF951-6520-49D1-8E14-D5E9DF20FD0A}.Debug|Any CPU.Build.0 = Debug|Any CPU
		{FD4FF951-6520-49D1-8E14-D5E9DF20FD0A}.Debug|x64.ActiveCfg = Debug|Any CPU
		{FD4FF951-6520-49D1-8E14-D5E9DF20FD0A}.Debug|x64.Build.0 = Debug|Any CPU
		{FD4FF951-6520-49D1-8E14-D5E9DF20FD0A}.Debug|x86.ActiveCfg = Debug|Any CPU
		{FD4FF951-6520-49D1-8E14-D5E9DF20FD0A}.Debug|x86.Build.0 = Debug|Any CPU
		{FD4FF951-6520-49D1-8E14-D5E9DF20FD0A}.Release|Any CPU.ActiveCfg = Release|Any CPU
		{FD4FF951-6520-49D1-8E14-D5E9DF20FD0A}.Release|Any CPU.Build.0 = Release|Any CPU
		{FD4FF951-6520-49D1-8E14-D5E9DF20FD0A}.Release|x64.ActiveCfg = Release|Any CPU
		{FD4FF951-6520-49D1-8E14-D5E9DF20FD0A}.Release|x64.Build.0 = Release|Any CPU
		{FD4FF951-6520-49D1-8E14-D5E9DF20FD0A}.Release|x86.ActiveCfg = Release|Any CPU
		{FD4FF951-6520-49D1-8E14-D5E9DF20FD0A}.Release|x86.Build.0 = Release|Any CPU
		{2D020D05-7646-4BC0-831A-1889B5346A8B}.Debug|Any CPU.ActiveCfg = Debug|Any CPU
		{2D020D05-7646-4BC0-831A-1889B5346A8B}.Debug|Any CPU.Build.0 = Debug|Any CPU
		{2D020D05-7646-4BC0-831A-1889B5346A8B}.Debug|x64.ActiveCfg = Debug|Any CPU
		{2D020D05-7646-4BC0-831A-1889B5346A8B}.Debug|x64.Build.0 = Debug|Any CPU
		{2D020D05-7646-4BC0-831A-1889B5346A8B}.Debug|x86.ActiveCfg = Debug|Any CPU
		{2D020D05-7646-4BC0-831A-1889B5346A8B}.Debug|x86.Build.0 = Debug|Any CPU
		{2D020D05-7646-4BC0-831A-1889B5346A8B}.Release|Any CPU.ActiveCfg = Release|Any CPU
		{2D020D05-7646-4BC0-831A-1889B5346A8B}.Release|Any CPU.Build.0 = Release|Any CPU
		{2D020D05-7646-4BC0-831A-1889B5346A8B}.Release|x64.ActiveCfg = Release|Any CPU
		{2D020D05-7646-4BC0-831A-1889B5346A8B}.Release|x64.Build.0 = Release|Any CPU
		{2D020D05-7646-4BC0-831A-1889B5346A8B}.Release|x86.ActiveCfg = Release|Any CPU
		{2D020D05-7646-4BC0-831A-1889B5346A8B}.Release|x86.Build.0 = Release|Any CPU
		{28F8D54D-95F0-464C-A784-68FBBD1C8F8B}.Debug|Any CPU.ActiveCfg = Debug|Any CPU
		{28F8D54D-95F0-464C-A784-68FBBD1C8F8B}.Debug|Any CPU.Build.0 = Debug|Any CPU
		{28F8D54D-95F0-464C-A784-68FBBD1C8F8B}.Debug|x64.ActiveCfg = Debug|Any CPU
		{28F8D54D-95F0-464C-A784-68FBBD1C8F8B}.Debug|x64.Build.0 = Debug|Any CPU
		{28F8D54D-95F0-464C-A784-68FBBD1C8F8B}.Debug|x86.ActiveCfg = Debug|Any CPU
		{28F8D54D-95F0-464C-A784-68FBBD1C8F8B}.Debug|x86.Build.0 = Debug|Any CPU
		{28F8D54D-95F0-464C-A784-68FBBD1C8F8B}.Release|Any CPU.ActiveCfg = Release|Any CPU
		{28F8D54D-95F0-464C-A784-68FBBD1C8F8B}.Release|Any CPU.Build.0 = Release|Any CPU
		{28F8D54D-95F0-464C-A784-68FBBD1C8F8B}.Release|x64.ActiveCfg = Release|Any CPU
		{28F8D54D-95F0-464C-A784-68FBBD1C8F8B}.Release|x64.Build.0 = Release|Any CPU
		{28F8D54D-95F0-464C-A784-68FBBD1C8F8B}.Release|x86.ActiveCfg = Release|Any CPU
		{28F8D54D-95F0-464C-A784-68FBBD1C8F8B}.Release|x86.Build.0 = Release|Any CPU
		{0D3165AF-CA23-4ECB-8CB0-952B0395578F}.Debug|Any CPU.ActiveCfg = Debug|Any CPU
		{0D3165AF-CA23-4ECB-8CB0-952B0395578F}.Debug|Any CPU.Build.0 = Debug|Any CPU
		{0D3165AF-CA23-4ECB-8CB0-952B0395578F}.Debug|x64.ActiveCfg = Debug|Any CPU
		{0D3165AF-CA23-4ECB-8CB0-952B0395578F}.Debug|x64.Build.0 = Debug|Any CPU
		{0D3165AF-CA23-4ECB-8CB0-952B0395578F}.Debug|x86.ActiveCfg = Debug|Any CPU
		{0D3165AF-CA23-4ECB-8CB0-952B0395578F}.Debug|x86.Build.0 = Debug|Any CPU
		{0D3165AF-CA23-4ECB-8CB0-952B0395578F}.Release|Any CPU.ActiveCfg = Release|Any CPU
		{0D3165AF-CA23-4ECB-8CB0-952B0395578F}.Release|Any CPU.Build.0 = Release|Any CPU
		{0D3165AF-CA23-4ECB-8CB0-952B0395578F}.Release|x64.ActiveCfg = Release|Any CPU
		{0D3165AF-CA23-4ECB-8CB0-952B0395578F}.Release|x64.Build.0 = Release|Any CPU
		{0D3165AF-CA23-4ECB-8CB0-952B0395578F}.Release|x86.ActiveCfg = Release|Any CPU
		{0D3165AF-CA23-4ECB-8CB0-952B0395578F}.Release|x86.Build.0 = Release|Any CPU
		{999C3E5A-6AA3-4D0C-B9C7-221A0E3A15A3}.Debug|Any CPU.ActiveCfg = Debug|Any CPU
		{999C3E5A-6AA3-4D0C-B9C7-221A0E3A15A3}.Debug|Any CPU.Build.0 = Debug|Any CPU
		{999C3E5A-6AA3-4D0C-B9C7-221A0E3A15A3}.Debug|x64.ActiveCfg = Debug|Any CPU
		{999C3E5A-6AA3-4D0C-B9C7-221A0E3A15A3}.Debug|x64.Build.0 = Debug|Any CPU
		{999C3E5A-6AA3-4D0C-B9C7-221A0E3A15A3}.Debug|x86.ActiveCfg = Debug|Any CPU
		{999C3E5A-6AA3-4D0C-B9C7-221A0E3A15A3}.Debug|x86.Build.0 = Debug|Any CPU
		{999C3E5A-6AA3-4D0C-B9C7-221A0E3A15A3}.Release|Any CPU.ActiveCfg = Release|Any CPU
		{999C3E5A-6AA3-4D0C-B9C7-221A0E3A15A3}.Release|Any CPU.Build.0 = Release|Any CPU
		{999C3E5A-6AA3-4D0C-B9C7-221A0E3A15A3}.Release|x64.ActiveCfg = Release|Any CPU
		{999C3E5A-6AA3-4D0C-B9C7-221A0E3A15A3}.Release|x64.Build.0 = Release|Any CPU
		{999C3E5A-6AA3-4D0C-B9C7-221A0E3A15A3}.Release|x86.ActiveCfg = Release|Any CPU
		{999C3E5A-6AA3-4D0C-B9C7-221A0E3A15A3}.Release|x86.Build.0 = Release|Any CPU
	EndGlobalSection
	GlobalSection(SolutionProperties) = preSolution
		HideSolutionNode = FALSE
	EndGlobalSection
	GlobalSection(NestedProjects) = preSolution
		{B07C7025-4191-4243-A6AB-34B5BE539450} = {D8045351-59E4-45B9-81F5-D21CC0996344}
		{0B3C7701-6B75-4C33-9839-5E71B771C6FE} = {36C8EC48-1329-4251-B795-7AEFC446EF60}
		{39A0490D-FF53-4A82-B6F7-3998AC346759} = {DD1426BF-F56F-49A8-9D4E-2BA0E3BEFC72}
		{A2952C91-C838-42FB-B628-2130100FF190} = {DD1426BF-F56F-49A8-9D4E-2BA0E3BEFC72}
		{A75FEF18-38D5-48A6-B412-E08E648104BC} = {ECEC9840-4A56-4E55-B6C5-E84A79DFDBC4}
		{735C68EB-D4BC-4452-BD69-151E31D283AD} = {A75FEF18-38D5-48A6-B412-E08E648104BC}
		{5FD085A0-84AA-4099-8B7F-9BC65A63073E} = {A75FEF18-38D5-48A6-B412-E08E648104BC}
		{36C8EC48-1329-4251-B795-7AEFC446EF60} = {ECEC9840-4A56-4E55-B6C5-E84A79DFDBC4}
		{F94D950B-4AFC-412B-A1D5-5D277486DF57} = {A75FEF18-38D5-48A6-B412-E08E648104BC}
		{EF59B801-0228-436D-88DA-DCBD58C7E074} = {D8045351-59E4-45B9-81F5-D21CC0996344}
		{832FD7BE-76DC-4AA4-BE8C-239346D4A1C6} = {A75FEF18-38D5-48A6-B412-E08E648104BC}
		{35BE5A9B-6830-43B2-BAF8-B2EE67248E69} = {B162D573-4F87-46C0-AFBC-444A5CB5997A}
		{FF22ABEC-FCB4-4795-812C-341481E3FA70} = {B162D573-4F87-46C0-AFBC-444A5CB5997A}
		{4B571A5A-A7FE-4F69-89B4-F79D6E1477A9} = {B162D573-4F87-46C0-AFBC-444A5CB5997A}
		{E056735F-58CB-436D-A8BE-CCEFC5587C99} = {DD1426BF-F56F-49A8-9D4E-2BA0E3BEFC72}
		{0A01A76A-08C4-48EC-AC24-70893B0F1557} = {DD1426BF-F56F-49A8-9D4E-2BA0E3BEFC72}
		{FD4FF951-6520-49D1-8E14-D5E9DF20FD0A} = {DD1426BF-F56F-49A8-9D4E-2BA0E3BEFC72}
		{2D020D05-7646-4BC0-831A-1889B5346A8B} = {B162D573-4F87-46C0-AFBC-444A5CB5997A}
		{28F8D54D-95F0-464C-A784-68FBBD1C8F8B} = {DD1426BF-F56F-49A8-9D4E-2BA0E3BEFC72}
		{0D3165AF-CA23-4ECB-8CB0-952B0395578F} = {A75FEF18-38D5-48A6-B412-E08E648104BC}
		{999C3E5A-6AA3-4D0C-B9C7-221A0E3A15A3} = {A75FEF18-38D5-48A6-B412-E08E648104BC}
	EndGlobalSection
	GlobalSection(ExtensibilityGlobals) = postSolution
		SolutionGuid = {B36AD060-F6AE-49C7-A310-B58B8467CE69}
	EndGlobalSection
EndGlobal
