
Microsoft Visual Studio Solution File, Format Version 12.00
# Visual Studio Version 16
VisualStudioVersion = 16.0.30114.105
MinimumVisualStudioVersion = 15.0.26124.0
Project("{9A19103F-16F7-4668-BE54-9A1E7A4F7556}") = "FreeRedis", "src\FreeRedis\FreeRedis.csproj", "{B07C7025-4191-4243-A6AB-34B5BE539450}"
EndProject
Project("{9A19103F-16F7-4668-BE54-9A1E7A4F7556}") = "FreeRedis.Tests", "test\Unit\FreeRedis.Tests\FreeRedis.Tests.csproj", "{0B3C7701-6B75-4C33-9839-5E71B771C6FE}"
EndProject
Project("{2150E333-8FDC-42A3-9474-1A3956D46DE8}") = "docs", "docs", "{C65D7453-84B4-46F9-8112-A42B09FB4912}"
	ProjectSection(SolutionItems) = preProject
		readme.md = readme.md
	EndProjectSection
EndProject
Project("{2150E333-8FDC-42A3-9474-1A3956D46DE8}") = "examples", "examples", "{DD1426BF-F56F-49A8-9D4E-2BA0E3BEFC72}"
EndProject
Project("{9A19103F-16F7-4668-BE54-9A1E7A4F7556}") = "console_netcore31", "examples\console_netcore31\console_netcore31.csproj", "{39A0490D-FF53-4A82-B6F7-3998AC346759}"
EndProject
Project("{9A19103F-16F7-4668-BE54-9A1E7A4F7556}") = "console_netcore31_benchmark", "examples\console_netcore31_benchmark\console_netcore31_benchmark.csproj", "{5F0E6390-75E3-4A2D-AB37-1C869D5C07D2}"
EndProject
Project("{9A19103F-16F7-4668-BE54-9A1E7A4F7556}") = "console_netcore31_vs", "examples\console_netcore31_vs\console_netcore31_vs.csproj", "{A2952C91-C838-42FB-B628-2130100FF190}"
EndProject
Project("{9A19103F-16F7-4668-BE54-9A1E7A4F7556}") = "console_netcore31_sentinel", "examples\console_netcore31_sentinel\console_netcore31_sentinel.csproj", "{13282EB2-1836-4BAC-806F-A1B2C29C1E4A}"
EndProject
Project("{9A19103F-16F7-4668-BE54-9A1E7A4F7556}") = "console_netcore31_pooling", "examples\console_netcore31_pooling\console_netcore31_pooling.csproj", "{233FE426-DFD7-43C0-89D7-228499166741}"
EndProject
Project("{9A19103F-16F7-4668-BE54-9A1E7A4F7556}") = "console_netcore31_pubsub", "examples\console_netcore31_pubsub\console_netcore31_pubsub.csproj", "{F79A86FE-07AC-4938-91AA-C2DA18DFA452}"
EndProject
Project("{9A19103F-16F7-4668-BE54-9A1E7A4F7556}") = "console_netcore31_cluster", "examples\console_netcore31_cluster\console_netcore31_cluster.csproj", "{32DF2401-E455-4FF1-8017-FA3EAE1107CF}"
EndProject
Project("{2150E333-8FDC-42A3-9474-1A3956D46DE8}") = "src", "src", "{D8045351-59E4-45B9-81F5-D21CC0996344}"
EndProject
Project("{2150E333-8FDC-42A3-9474-1A3956D46DE8}") = "test", "test", "{ECEC9840-4A56-4E55-B6C5-E84A79DFDBC4}"
EndProject
Project("{2150E333-8FDC-42A3-9474-1A3956D46DE8}") = "Benchmark", "Benchmark", "{A75FEF18-38D5-48A6-B412-E08E648104BC}"
EndProject
Project("{9A19103F-16F7-4668-BE54-9A1E7A4F7556}") = "ConcurrentWriteBytes", "test\Benchmark\ConcurrentWriteBytes\ConcurrentWriteBytes.csproj", "{735C68EB-D4BC-4452-BD69-151E31D283AD}"
EndProject
Project("{9A19103F-16F7-4668-BE54-9A1E7A4F7556}") = "IntrinsicsTest", "test\Benchmark\IntrinsicsTest\IntrinsicsTest.csproj", "{5FD085A0-84AA-4099-8B7F-9BC65A63073E}"
EndProject
Project("{9A19103F-16F7-4668-BE54-9A1E7A4F7556}") = "console_netcore31_newsocket", "examples\console_netcore31_newsocket\console_netcore31_newsocket.csproj", "{ECE8D399-7EB0-4D95-B3F8-E7F21F94483C}"
EndProject
Project("{2150E333-8FDC-42A3-9474-1A3956D46DE8}") = "Unit", "Unit", "{36C8EC48-1329-4251-B795-7AEFC446EF60}"
EndProject
Project("{9A19103F-16F7-4668-BE54-9A1E7A4F7556}") = "SocketTest", "test\Unit\SocketTest\SocketTest.csproj", "{D79610B1-ECD7-42D1-8821-2F51728B8D89}"
EndProject
Project("{9A19103F-16F7-4668-BE54-9A1E7A4F7556}") = "PingTest", "test\Benchmark\PingTest\PingTest.csproj", "{FBE7D3F7-A567-4A38-A0CF-42BD942E2E7F}"
EndProject
Project("{9A19103F-16F7-4668-BE54-9A1E7A4F7556}") = "console_netcore31_client_side_caching", "examples\console_netcore31_client_side_caching\console_netcore31_client_side_caching.csproj", "{DA686F0B-E9F7-4AF1-AD2E-EE6EE0C24BB4}"
EndProject
Project("{FAE04EC0-301F-11D3-BF4B-00C04F79EFBC}") = "console_netcore31_taskcompletesource", "examples\console_netcore31_taskcompletesource\console_netcore31_taskcompletesource.csproj", "{9F1B6942-A353-4045-8A6E-D572170260C0}"
EndProject
Global
	GlobalSection(SolutionConfigurationPlatforms) = preSolution
		Debug|Any CPU = Debug|Any CPU
		Debug|x64 = Debug|x64
		Debug|x86 = Debug|x86
		Release|Any CPU = Release|Any CPU
		Release|x64 = Release|x64
		Release|x86 = Release|x86
	EndGlobalSection
	GlobalSection(ProjectConfigurationPlatforms) = postSolution
		{B07C7025-4191-4243-A6AB-34B5BE539450}.Debug|Any CPU.ActiveCfg = Debug|Any CPU
		{B07C7025-4191-4243-A6AB-34B5BE539450}.Debug|Any CPU.Build.0 = Debug|Any CPU
		{B07C7025-4191-4243-A6AB-34B5BE539450}.Debug|x64.ActiveCfg = Debug|Any CPU
		{B07C7025-4191-4243-A6AB-34B5BE539450}.Debug|x64.Build.0 = Debug|Any CPU
		{B07C7025-4191-4243-A6AB-34B5BE539450}.Debug|x86.ActiveCfg = Debug|Any CPU
		{B07C7025-4191-4243-A6AB-34B5BE539450}.Debug|x86.Build.0 = Debug|Any CPU
		{B07C7025-4191-4243-A6AB-34B5BE539450}.Release|Any CPU.ActiveCfg = Release|Any CPU
		{B07C7025-4191-4243-A6AB-34B5BE539450}.Release|Any CPU.Build.0 = Release|Any CPU
		{B07C7025-4191-4243-A6AB-34B5BE539450}.Release|x64.ActiveCfg = Release|Any CPU
		{B07C7025-4191-4243-A6AB-34B5BE539450}.Release|x64.Build.0 = Release|Any CPU
		{B07C7025-4191-4243-A6AB-34B5BE539450}.Release|x86.ActiveCfg = Release|Any CPU
		{B07C7025-4191-4243-A6AB-34B5BE539450}.Release|x86.Build.0 = Release|Any CPU
		{0B3C7701-6B75-4C33-9839-5E71B771C6FE}.Debug|Any CPU.ActiveCfg = Debug|Any CPU
		{0B3C7701-6B75-4C33-9839-5E71B771C6FE}.Debug|Any CPU.Build.0 = Debug|Any CPU
		{0B3C7701-6B75-4C33-9839-5E71B771C6FE}.Debug|x64.ActiveCfg = Debug|Any CPU
		{0B3C7701-6B75-4C33-9839-5E71B771C6FE}.Debug|x64.Build.0 = Debug|Any CPU
		{0B3C7701-6B75-4C33-9839-5E71B771C6FE}.Debug|x86.ActiveCfg = Debug|Any CPU
		{0B3C7701-6B75-4C33-9839-5E71B771C6FE}.Debug|x86.Build.0 = Debug|Any CPU
		{0B3C7701-6B75-4C33-9839-5E71B771C6FE}.Release|Any CPU.ActiveCfg = Release|Any CPU
		{0B3C7701-6B75-4C33-9839-5E71B771C6FE}.Release|Any CPU.Build.0 = Release|Any CPU
		{0B3C7701-6B75-4C33-9839-5E71B771C6FE}.Release|x64.ActiveCfg = Release|Any CPU
		{0B3C7701-6B75-4C33-9839-5E71B771C6FE}.Release|x64.Build.0 = Release|Any CPU
		{0B3C7701-6B75-4C33-9839-5E71B771C6FE}.Release|x86.ActiveCfg = Release|Any CPU
		{0B3C7701-6B75-4C33-9839-5E71B771C6FE}.Release|x86.Build.0 = Release|Any CPU
		{39A0490D-FF53-4A82-B6F7-3998AC346759}.Debug|Any CPU.ActiveCfg = Debug|Any CPU
		{39A0490D-FF53-4A82-B6F7-3998AC346759}.Debug|Any CPU.Build.0 = Debug|Any CPU
		{39A0490D-FF53-4A82-B6F7-3998AC346759}.Debug|x64.ActiveCfg = Debug|Any CPU
		{39A0490D-FF53-4A82-B6F7-3998AC346759}.Debug|x64.Build.0 = Debug|Any CPU
		{39A0490D-FF53-4A82-B6F7-3998AC346759}.Debug|x86.ActiveCfg = Debug|Any CPU
		{39A0490D-FF53-4A82-B6F7-3998AC346759}.Debug|x86.Build.0 = Debug|Any CPU
		{39A0490D-FF53-4A82-B6F7-3998AC346759}.Release|Any CPU.ActiveCfg = Release|Any CPU
		{39A0490D-FF53-4A82-B6F7-3998AC346759}.Release|Any CPU.Build.0 = Release|Any CPU
		{39A0490D-FF53-4A82-B6F7-3998AC346759}.Release|x64.ActiveCfg = Release|Any CPU
		{39A0490D-FF53-4A82-B6F7-3998AC346759}.Release|x64.Build.0 = Release|Any CPU
		{39A0490D-FF53-4A82-B6F7-3998AC346759}.Release|x86.ActiveCfg = Release|Any CPU
		{39A0490D-FF53-4A82-B6F7-3998AC346759}.Release|x86.Build.0 = Release|Any CPU
		{5F0E6390-75E3-4A2D-AB37-1C869D5C07D2}.Debug|Any CPU.ActiveCfg = Debug|Any CPU
		{5F0E6390-75E3-4A2D-AB37-1C869D5C07D2}.Debug|Any CPU.Build.0 = Debug|Any CPU
		{5F0E6390-75E3-4A2D-AB37-1C869D5C07D2}.Debug|x64.ActiveCfg = Debug|Any CPU
		{5F0E6390-75E3-4A2D-AB37-1C869D5C07D2}.Debug|x64.Build.0 = Debug|Any CPU
		{5F0E6390-75E3-4A2D-AB37-1C869D5C07D2}.Debug|x86.ActiveCfg = Debug|Any CPU
		{5F0E6390-75E3-4A2D-AB37-1C869D5C07D2}.Debug|x86.Build.0 = Debug|Any CPU
		{5F0E6390-75E3-4A2D-AB37-1C869D5C07D2}.Release|Any CPU.ActiveCfg = Release|Any CPU
		{5F0E6390-75E3-4A2D-AB37-1C869D5C07D2}.Release|Any CPU.Build.0 = Release|Any CPU
		{5F0E6390-75E3-4A2D-AB37-1C869D5C07D2}.Release|x64.ActiveCfg = Release|Any CPU
		{5F0E6390-75E3-4A2D-AB37-1C869D5C07D2}.Release|x64.Build.0 = Release|Any CPU
		{5F0E6390-75E3-4A2D-AB37-1C869D5C07D2}.Release|x86.ActiveCfg = Release|Any CPU
		{5F0E6390-75E3-4A2D-AB37-1C869D5C07D2}.Release|x86.Build.0 = Release|Any CPU
		{A2952C91-C838-42FB-B628-2130100FF190}.Debug|Any CPU.ActiveCfg = Debug|Any CPU
		{A2952C91-C838-42FB-B628-2130100FF190}.Debug|Any CPU.Build.0 = Debug|Any CPU
		{A2952C91-C838-42FB-B628-2130100FF190}.Debug|x64.ActiveCfg = Debug|Any CPU
		{A2952C91-C838-42FB-B628-2130100FF190}.Debug|x64.Build.0 = Debug|Any CPU
		{A2952C91-C838-42FB-B628-2130100FF190}.Debug|x86.ActiveCfg = Debug|Any CPU
		{A2952C91-C838-42FB-B628-2130100FF190}.Debug|x86.Build.0 = Debug|Any CPU
		{A2952C91-C838-42FB-B628-2130100FF190}.Release|Any CPU.ActiveCfg = Release|Any CPU
		{A2952C91-C838-42FB-B628-2130100FF190}.Release|Any CPU.Build.0 = Release|Any CPU
		{A2952C91-C838-42FB-B628-2130100FF190}.Release|x64.ActiveCfg = Release|Any CPU
		{A2952C91-C838-42FB-B628-2130100FF190}.Release|x64.Build.0 = Release|Any CPU
		{A2952C91-C838-42FB-B628-2130100FF190}.Release|x86.ActiveCfg = Release|Any CPU
		{A2952C91-C838-42FB-B628-2130100FF190}.Release|x86.Build.0 = Release|Any CPU
		{13282EB2-1836-4BAC-806F-A1B2C29C1E4A}.Debug|Any CPU.ActiveCfg = Debug|Any CPU
		{13282EB2-1836-4BAC-806F-A1B2C29C1E4A}.Debug|Any CPU.Build.0 = Debug|Any CPU
		{13282EB2-1836-4BAC-806F-A1B2C29C1E4A}.Debug|x64.ActiveCfg = Debug|Any CPU
		{13282EB2-1836-4BAC-806F-A1B2C29C1E4A}.Debug|x64.Build.0 = Debug|Any CPU
		{13282EB2-1836-4BAC-806F-A1B2C29C1E4A}.Debug|x86.ActiveCfg = Debug|Any CPU
		{13282EB2-1836-4BAC-806F-A1B2C29C1E4A}.Debug|x86.Build.0 = Debug|Any CPU
		{13282EB2-1836-4BAC-806F-A1B2C29C1E4A}.Release|Any CPU.ActiveCfg = Release|Any CPU
		{13282EB2-1836-4BAC-806F-A1B2C29C1E4A}.Release|Any CPU.Build.0 = Release|Any CPU
		{13282EB2-1836-4BAC-806F-A1B2C29C1E4A}.Release|x64.ActiveCfg = Release|Any CPU
		{13282EB2-1836-4BAC-806F-A1B2C29C1E4A}.Release|x64.Build.0 = Release|Any CPU
		{13282EB2-1836-4BAC-806F-A1B2C29C1E4A}.Release|x86.ActiveCfg = Release|Any CPU
		{13282EB2-1836-4BAC-806F-A1B2C29C1E4A}.Release|x86.Build.0 = Release|Any CPU
		{233FE426-DFD7-43C0-89D7-228499166741}.Debug|Any CPU.ActiveCfg = Debug|Any CPU
		{233FE426-DFD7-43C0-89D7-228499166741}.Debug|Any CPU.Build.0 = Debug|Any CPU
		{233FE426-DFD7-43C0-89D7-228499166741}.Debug|x64.ActiveCfg = Debug|Any CPU
		{233FE426-DFD7-43C0-89D7-228499166741}.Debug|x64.Build.0 = Debug|Any CPU
		{233FE426-DFD7-43C0-89D7-228499166741}.Debug|x86.ActiveCfg = Debug|Any CPU
		{233FE426-DFD7-43C0-89D7-228499166741}.Debug|x86.Build.0 = Debug|Any CPU
		{233FE426-DFD7-43C0-89D7-228499166741}.Release|Any CPU.ActiveCfg = Release|Any CPU
		{233FE426-DFD7-43C0-89D7-228499166741}.Release|Any CPU.Build.0 = Release|Any CPU
		{233FE426-DFD7-43C0-89D7-228499166741}.Release|x64.ActiveCfg = Release|Any CPU
		{233FE426-DFD7-43C0-89D7-228499166741}.Release|x64.Build.0 = Release|Any CPU
		{233FE426-DFD7-43C0-89D7-228499166741}.Release|x86.ActiveCfg = Release|Any CPU
		{233FE426-DFD7-43C0-89D7-228499166741}.Release|x86.Build.0 = Release|Any CPU
		{F79A86FE-07AC-4938-91AA-C2DA18DFA452}.Debug|Any CPU.ActiveCfg = Debug|Any CPU
		{F79A86FE-07AC-4938-91AA-C2DA18DFA452}.Debug|Any CPU.Build.0 = Debug|Any CPU
		{F79A86FE-07AC-4938-91AA-C2DA18DFA452}.Debug|x64.ActiveCfg = Debug|Any CPU
		{F79A86FE-07AC-4938-91AA-C2DA18DFA452}.Debug|x64.Build.0 = Debug|Any CPU
		{F79A86FE-07AC-4938-91AA-C2DA18DFA452}.Debug|x86.ActiveCfg = Debug|Any CPU
		{F79A86FE-07AC-4938-91AA-C2DA18DFA452}.Debug|x86.Build.0 = Debug|Any CPU
		{F79A86FE-07AC-4938-91AA-C2DA18DFA452}.Release|Any CPU.ActiveCfg = Release|Any CPU
		{F79A86FE-07AC-4938-91AA-C2DA18DFA452}.Release|Any CPU.Build.0 = Release|Any CPU
		{F79A86FE-07AC-4938-91AA-C2DA18DFA452}.Release|x64.ActiveCfg = Release|Any CPU
		{F79A86FE-07AC-4938-91AA-C2DA18DFA452}.Release|x64.Build.0 = Release|Any CPU
		{F79A86FE-07AC-4938-91AA-C2DA18DFA452}.Release|x86.ActiveCfg = Release|Any CPU
		{F79A86FE-07AC-4938-91AA-C2DA18DFA452}.Release|x86.Build.0 = Release|Any CPU
		{32DF2401-E455-4FF1-8017-FA3EAE1107CF}.Debug|Any CPU.ActiveCfg = Debug|Any CPU
		{32DF2401-E455-4FF1-8017-FA3EAE1107CF}.Debug|Any CPU.Build.0 = Debug|Any CPU
		{32DF2401-E455-4FF1-8017-FA3EAE1107CF}.Debug|x64.ActiveCfg = Debug|Any CPU
		{32DF2401-E455-4FF1-8017-FA3EAE1107CF}.Debug|x64.Build.0 = Debug|Any CPU
		{32DF2401-E455-4FF1-8017-FA3EAE1107CF}.Debug|x86.ActiveCfg = Debug|Any CPU
		{32DF2401-E455-4FF1-8017-FA3EAE1107CF}.Debug|x86.Build.0 = Debug|Any CPU
		{32DF2401-E455-4FF1-8017-FA3EAE1107CF}.Release|Any CPU.ActiveCfg = Release|Any CPU
		{32DF2401-E455-4FF1-8017-FA3EAE1107CF}.Release|Any CPU.Build.0 = Release|Any CPU
		{32DF2401-E455-4FF1-8017-FA3EAE1107CF}.Release|x64.ActiveCfg = Release|Any CPU
		{32DF2401-E455-4FF1-8017-FA3EAE1107CF}.Release|x64.Build.0 = Release|Any CPU
		{32DF2401-E455-4FF1-8017-FA3EAE1107CF}.Release|x86.ActiveCfg = Release|Any CPU
		{32DF2401-E455-4FF1-8017-FA3EAE1107CF}.Release|x86.Build.0 = Release|Any CPU
		{735C68EB-D4BC-4452-BD69-151E31D283AD}.Debug|Any CPU.ActiveCfg = Debug|Any CPU
		{735C68EB-D4BC-4452-BD69-151E31D283AD}.Debug|Any CPU.Build.0 = Debug|Any CPU
		{735C68EB-D4BC-4452-BD69-151E31D283AD}.Debug|x64.ActiveCfg = Debug|Any CPU
		{735C68EB-D4BC-4452-BD69-151E31D283AD}.Debug|x64.Build.0 = Debug|Any CPU
		{735C68EB-D4BC-4452-BD69-151E31D283AD}.Debug|x86.ActiveCfg = Debug|Any CPU
		{735C68EB-D4BC-4452-BD69-151E31D283AD}.Debug|x86.Build.0 = Debug|Any CPU
		{735C68EB-D4BC-4452-BD69-151E31D283AD}.Release|Any CPU.ActiveCfg = Release|Any CPU
		{735C68EB-D4BC-4452-BD69-151E31D283AD}.Release|Any CPU.Build.0 = Release|Any CPU
		{735C68EB-D4BC-4452-BD69-151E31D283AD}.Release|x64.ActiveCfg = Release|Any CPU
		{735C68EB-D4BC-4452-BD69-151E31D283AD}.Release|x64.Build.0 = Release|Any CPU
		{735C68EB-D4BC-4452-BD69-151E31D283AD}.Release|x86.ActiveCfg = Release|Any CPU
		{735C68EB-D4BC-4452-BD69-151E31D283AD}.Release|x86.Build.0 = Release|Any CPU
		{5FD085A0-84AA-4099-8B7F-9BC65A63073E}.Debug|Any CPU.ActiveCfg = Debug|Any CPU
		{5FD085A0-84AA-4099-8B7F-9BC65A63073E}.Debug|Any CPU.Build.0 = Debug|Any CPU
		{5FD085A0-84AA-4099-8B7F-9BC65A63073E}.Debug|x64.ActiveCfg = Debug|Any CPU
		{5FD085A0-84AA-4099-8B7F-9BC65A63073E}.Debug|x64.Build.0 = Debug|Any CPU
		{5FD085A0-84AA-4099-8B7F-9BC65A63073E}.Debug|x86.ActiveCfg = Debug|Any CPU
		{5FD085A0-84AA-4099-8B7F-9BC65A63073E}.Debug|x86.Build.0 = Debug|Any CPU
		{5FD085A0-84AA-4099-8B7F-9BC65A63073E}.Release|Any CPU.ActiveCfg = Release|Any CPU
		{5FD085A0-84AA-4099-8B7F-9BC65A63073E}.Release|Any CPU.Build.0 = Release|Any CPU
		{5FD085A0-84AA-4099-8B7F-9BC65A63073E}.Release|x64.ActiveCfg = Release|Any CPU
		{5FD085A0-84AA-4099-8B7F-9BC65A63073E}.Release|x64.Build.0 = Release|Any CPU
		{5FD085A0-84AA-4099-8B7F-9BC65A63073E}.Release|x86.ActiveCfg = Release|Any CPU
		{5FD085A0-84AA-4099-8B7F-9BC65A63073E}.Release|x86.Build.0 = Release|Any CPU
		{ECE8D399-7EB0-4D95-B3F8-E7F21F94483C}.Debug|Any CPU.ActiveCfg = Debug|Any CPU
		{ECE8D399-7EB0-4D95-B3F8-E7F21F94483C}.Debug|Any CPU.Build.0 = Debug|Any CPU
		{ECE8D399-7EB0-4D95-B3F8-E7F21F94483C}.Debug|x64.ActiveCfg = Debug|Any CPU
		{ECE8D399-7EB0-4D95-B3F8-E7F21F94483C}.Debug|x64.Build.0 = Debug|Any CPU
		{ECE8D399-7EB0-4D95-B3F8-E7F21F94483C}.Debug|x86.ActiveCfg = Debug|Any CPU
		{ECE8D399-7EB0-4D95-B3F8-E7F21F94483C}.Debug|x86.Build.0 = Debug|Any CPU
		{ECE8D399-7EB0-4D95-B3F8-E7F21F94483C}.Release|Any CPU.ActiveCfg = Release|Any CPU
		{ECE8D399-7EB0-4D95-B3F8-E7F21F94483C}.Release|Any CPU.Build.0 = Release|Any CPU
		{ECE8D399-7EB0-4D95-B3F8-E7F21F94483C}.Release|x64.ActiveCfg = Release|Any CPU
		{ECE8D399-7EB0-4D95-B3F8-E7F21F94483C}.Release|x64.Build.0 = Release|Any CPU
		{ECE8D399-7EB0-4D95-B3F8-E7F21F94483C}.Release|x86.ActiveCfg = Release|Any CPU
		{ECE8D399-7EB0-4D95-B3F8-E7F21F94483C}.Release|x86.Build.0 = Release|Any CPU
		{D79610B1-ECD7-42D1-8821-2F51728B8D89}.Debug|Any CPU.ActiveCfg = Debug|Any CPU
		{D79610B1-ECD7-42D1-8821-2F51728B8D89}.Debug|Any CPU.Build.0 = Debug|Any CPU
		{D79610B1-ECD7-42D1-8821-2F51728B8D89}.Debug|x64.ActiveCfg = Debug|Any CPU
		{D79610B1-ECD7-42D1-8821-2F51728B8D89}.Debug|x64.Build.0 = Debug|Any CPU
		{D79610B1-ECD7-42D1-8821-2F51728B8D89}.Debug|x86.ActiveCfg = Debug|Any CPU
		{D79610B1-ECD7-42D1-8821-2F51728B8D89}.Debug|x86.Build.0 = Debug|Any CPU
		{D79610B1-ECD7-42D1-8821-2F51728B8D89}.Release|Any CPU.ActiveCfg = Release|Any CPU
		{D79610B1-ECD7-42D1-8821-2F51728B8D89}.Release|Any CPU.Build.0 = Release|Any CPU
		{D79610B1-ECD7-42D1-8821-2F51728B8D89}.Release|x64.ActiveCfg = Release|Any CPU
		{D79610B1-ECD7-42D1-8821-2F51728B8D89}.Release|x64.Build.0 = Release|Any CPU
		{D79610B1-ECD7-42D1-8821-2F51728B8D89}.Release|x86.ActiveCfg = Release|Any CPU
		{D79610B1-ECD7-42D1-8821-2F51728B8D89}.Release|x86.Build.0 = Release|Any CPU
		{FBE7D3F7-A567-4A38-A0CF-42BD942E2E7F}.Debug|Any CPU.ActiveCfg = Debug|Any CPU
		{FBE7D3F7-A567-4A38-A0CF-42BD942E2E7F}.Debug|Any CPU.Build.0 = Debug|Any CPU
		{FBE7D3F7-A567-4A38-A0CF-42BD942E2E7F}.Debug|x64.ActiveCfg = Debug|Any CPU
		{FBE7D3F7-A567-4A38-A0CF-42BD942E2E7F}.Debug|x64.Build.0 = Debug|Any CPU
		{FBE7D3F7-A567-4A38-A0CF-42BD942E2E7F}.Debug|x86.ActiveCfg = Debug|Any CPU
		{FBE7D3F7-A567-4A38-A0CF-42BD942E2E7F}.Debug|x86.Build.0 = Debug|Any CPU
		{FBE7D3F7-A567-4A38-A0CF-42BD942E2E7F}.Release|Any CPU.ActiveCfg = Release|Any CPU
		{FBE7D3F7-A567-4A38-A0CF-42BD942E2E7F}.Release|Any CPU.Build.0 = Release|Any CPU
		{FBE7D3F7-A567-4A38-A0CF-42BD942E2E7F}.Release|x64.ActiveCfg = Release|Any CPU
		{FBE7D3F7-A567-4A38-A0CF-42BD942E2E7F}.Release|x64.Build.0 = Release|Any CPU
		{FBE7D3F7-A567-4A38-A0CF-42BD942E2E7F}.Release|x86.ActiveCfg = Release|Any CPU
		{FBE7D3F7-A567-4A38-A0CF-42BD942E2E7F}.Release|x86.Build.0 = Release|Any CPU
		{DA686F0B-E9F7-4AF1-AD2E-EE6EE0C24BB4}.Debug|Any CPU.ActiveCfg = Debug|Any CPU
		{DA686F0B-E9F7-4AF1-AD2E-EE6EE0C24BB4}.Debug|Any CPU.Build.0 = Debug|Any CPU
		{DA686F0B-E9F7-4AF1-AD2E-EE6EE0C24BB4}.Debug|x64.ActiveCfg = Debug|Any CPU
		{DA686F0B-E9F7-4AF1-AD2E-EE6EE0C24BB4}.Debug|x64.Build.0 = Debug|Any CPU
		{DA686F0B-E9F7-4AF1-AD2E-EE6EE0C24BB4}.Debug|x86.ActiveCfg = Debug|Any CPU
		{DA686F0B-E9F7-4AF1-AD2E-EE6EE0C24BB4}.Debug|x86.Build.0 = Debug|Any CPU
		{DA686F0B-E9F7-4AF1-AD2E-EE6EE0C24BB4}.Release|Any CPU.ActiveCfg = Release|Any CPU
		{DA686F0B-E9F7-4AF1-AD2E-EE6EE0C24BB4}.Release|Any CPU.Build.0 = Release|Any CPU
		{DA686F0B-E9F7-4AF1-AD2E-EE6EE0C24BB4}.Release|x64.ActiveCfg = Release|Any CPU
		{DA686F0B-E9F7-4AF1-AD2E-EE6EE0C24BB4}.Release|x64.Build.0 = Release|Any CPU
		{DA686F0B-E9F7-4AF1-AD2E-EE6EE0C24BB4}.Release|x86.ActiveCfg = Release|Any CPU
		{DA686F0B-E9F7-4AF1-AD2E-EE6EE0C24BB4}.Release|x86.Build.0 = Release|Any CPU
		{9F1B6942-A353-4045-8A6E-D572170260C0}.Debug|Any CPU.ActiveCfg = Debug|Any CPU
		{9F1B6942-A353-4045-8A6E-D572170260C0}.Debug|Any CPU.Build.0 = Debug|Any CPU
		{9F1B6942-A353-4045-8A6E-D572170260C0}.Debug|x64.ActiveCfg = Debug|Any CPU
		{9F1B6942-A353-4045-8A6E-D572170260C0}.Debug|x64.Build.0 = Debug|Any CPU
		{9F1B6942-A353-4045-8A6E-D572170260C0}.Debug|x86.ActiveCfg = Debug|Any CPU
		{9F1B6942-A353-4045-8A6E-D572170260C0}.Debug|x86.Build.0 = Debug|Any CPU
		{9F1B6942-A353-4045-8A6E-D572170260C0}.Release|Any CPU.ActiveCfg = Release|Any CPU
		{9F1B6942-A353-4045-8A6E-D572170260C0}.Release|Any CPU.Build.0 = Release|Any CPU
		{9F1B6942-A353-4045-8A6E-D572170260C0}.Release|x64.ActiveCfg = Release|Any CPU
		{9F1B6942-A353-4045-8A6E-D572170260C0}.Release|x64.Build.0 = Release|Any CPU
		{9F1B6942-A353-4045-8A6E-D572170260C0}.Release|x86.ActiveCfg = Release|Any CPU
		{9F1B6942-A353-4045-8A6E-D572170260C0}.Release|x86.Build.0 = Release|Any CPU
	EndGlobalSection
	GlobalSection(SolutionProperties) = preSolution
		HideSolutionNode = FALSE
	EndGlobalSection
	GlobalSection(NestedProjects) = preSolution
		{B07C7025-4191-4243-A6AB-34B5BE539450} = {D8045351-59E4-45B9-81F5-D21CC0996344}
		{0B3C7701-6B75-4C33-9839-5E71B771C6FE} = {36C8EC48-1329-4251-B795-7AEFC446EF60}
		{39A0490D-FF53-4A82-B6F7-3998AC346759} = {DD1426BF-F56F-49A8-9D4E-2BA0E3BEFC72}
		{5F0E6390-75E3-4A2D-AB37-1C869D5C07D2} = {DD1426BF-F56F-49A8-9D4E-2BA0E3BEFC72}
		{A2952C91-C838-42FB-B628-2130100FF190} = {DD1426BF-F56F-49A8-9D4E-2BA0E3BEFC72}
		{13282EB2-1836-4BAC-806F-A1B2C29C1E4A} = {DD1426BF-F56F-49A8-9D4E-2BA0E3BEFC72}
		{233FE426-DFD7-43C0-89D7-228499166741} = {DD1426BF-F56F-49A8-9D4E-2BA0E3BEFC72}
		{F79A86FE-07AC-4938-91AA-C2DA18DFA452} = {DD1426BF-F56F-49A8-9D4E-2BA0E3BEFC72}
		{32DF2401-E455-4FF1-8017-FA3EAE1107CF} = {DD1426BF-F56F-49A8-9D4E-2BA0E3BEFC72}
		{A75FEF18-38D5-48A6-B412-E08E648104BC} = {ECEC9840-4A56-4E55-B6C5-E84A79DFDBC4}
		{735C68EB-D4BC-4452-BD69-151E31D283AD} = {A75FEF18-38D5-48A6-B412-E08E648104BC}
		{5FD085A0-84AA-4099-8B7F-9BC65A63073E} = {A75FEF18-38D5-48A6-B412-E08E648104BC}
		{ECE8D399-7EB0-4D95-B3F8-E7F21F94483C} = {DD1426BF-F56F-49A8-9D4E-2BA0E3BEFC72}
		{36C8EC48-1329-4251-B795-7AEFC446EF60} = {ECEC9840-4A56-4E55-B6C5-E84A79DFDBC4}
		{D79610B1-ECD7-42D1-8821-2F51728B8D89} = {36C8EC48-1329-4251-B795-7AEFC446EF60}
		{DA686F0B-E9F7-4AF1-AD2E-EE6EE0C24BB4} = {DD1426BF-F56F-49A8-9D4E-2BA0E3BEFC72}
		{9F1B6942-A353-4045-8A6E-D572170260C0} = {DD1426BF-F56F-49A8-9D4E-2BA0E3BEFC72}
	EndGlobalSection
	GlobalSection(ExtensibilityGlobals) = postSolution
		SolutionGuid = {B36AD060-F6AE-49C7-A310-B58B8467CE69}
	EndGlobalSection
EndGlobal
