
Microsoft Visual Studio Solution File, Format Version 12.00
# Visual Studio Version 16
VisualStudioVersion = 16.0.30114.105
MinimumVisualStudioVersion = 15.0.26124.0
Project("{9A19103F-16F7-4668-BE54-9A1E7A4F7556}") = "FreeRedis", "FreeRedis\FreeRedis.csproj", "{B07C7025-4191-4243-A6AB-34B5BE539450}"
EndProject
Project("{9A19103F-16F7-4668-BE54-9A1E7A4F7556}") = "FreeRedis.Tests", "FreeRedis.Tests\FreeRedis.Tests.csproj", "{0B3C7701-6B75-4C33-9839-5E71B771C6FE}"
EndProject
Project("{2150E333-8FDC-42A3-9474-1A3956D46DE8}") = "Docs", "Docs", "{C65D7453-84B4-46F9-8112-A42B09FB4912}"
	ProjectSection(SolutionItems) = preProject
		readme.md = readme.md
	EndProjectSection
EndProject
Project("{2150E333-8FDC-42A3-9474-1A3956D46DE8}") = "Examples", "Examples", "{DD1426BF-F56F-49A8-9D4E-2BA0E3BEFC72}"
EndProject
Project("{FAE04EC0-301F-11D3-BF4B-00C04F79EFBC}") = "console_netcore31", "Examples\console_netcore31\console_netcore31.csproj", "{39A0490D-FF53-4A82-B6F7-3998AC346759}"
EndProject
Global
	GlobalSection(SolutionConfigurationPlatforms) = preSolution
		Debug|Any CPU = Debug|Any CPU
		Debug|x64 = Debug|x64
		Debug|x86 = Debug|x86
		Release|Any CPU = Release|Any CPU
		Release|x64 = Release|x64
		Release|x86 = Release|x86
	EndGlobalSection
	GlobalSection(ProjectConfigurationPlatforms) = postSolution
		{B07C7025-4191-4243-A6AB-34B5BE539450}.Debug|Any CPU.ActiveCfg = Debug|Any CPU
		{B07C7025-4191-4243-A6AB-34B5BE539450}.Debug|Any CPU.Build.0 = Debug|Any CPU
		{B07C7025-4191-4243-A6AB-34B5BE539450}.Debug|x64.ActiveCfg = Debug|Any CPU
		{B07C7025-4191-4243-A6AB-34B5BE539450}.Debug|x64.Build.0 = Debug|Any CPU
		{B07C7025-4191-4243-A6AB-34B5BE539450}.Debug|x86.ActiveCfg = Debug|Any CPU
		{B07C7025-4191-4243-A6AB-34B5BE539450}.Debug|x86.Build.0 = Debug|Any CPU
		{B07C7025-4191-4243-A6AB-34B5BE539450}.Release|Any CPU.ActiveCfg = Release|Any CPU
		{B07C7025-4191-4243-A6AB-34B5BE539450}.Release|Any CPU.Build.0 = Release|Any CPU
		{B07C7025-4191-4243-A6AB-34B5BE539450}.Release|x64.ActiveCfg = Release|Any CPU
		{B07C7025-4191-4243-A6AB-34B5BE539450}.Release|x64.Build.0 = Release|Any CPU
		{B07C7025-4191-4243-A6AB-34B5BE539450}.Release|x86.ActiveCfg = Release|Any CPU
		{B07C7025-4191-4243-A6AB-34B5BE539450}.Release|x86.Build.0 = Release|Any CPU
		{0B3C7701-6B75-4C33-9839-5E71B771C6FE}.Debug|Any CPU.ActiveCfg = Debug|Any CPU
		{0B3C7701-6B75-4C33-9839-5E71B771C6FE}.Debug|Any CPU.Build.0 = Debug|Any CPU
		{0B3C7701-6B75-4C33-9839-5E71B771C6FE}.Debug|x64.ActiveCfg = Debug|Any CPU
		{0B3C7701-6B75-4C33-9839-5E71B771C6FE}.Debug|x64.Build.0 = Debug|Any CPU
		{0B3C7701-6B75-4C33-9839-5E71B771C6FE}.Debug|x86.ActiveCfg = Debug|Any CPU
		{0B3C7701-6B75-4C33-9839-5E71B771C6FE}.Debug|x86.Build.0 = Debug|Any CPU
		{0B3C7701-6B75-4C33-9839-5E71B771C6FE}.Release|Any CPU.ActiveCfg = Release|Any CPU
		{0B3C7701-6B75-4C33-9839-5E71B771C6FE}.Release|Any CPU.Build.0 = Release|Any CPU
		{0B3C7701-6B75-4C33-9839-5E71B771C6FE}.Release|x64.ActiveCfg = Release|Any CPU
		{0B3C7701-6B75-4C33-9839-5E71B771C6FE}.Release|x64.Build.0 = Release|Any CPU
		{0B3C7701-6B75-4C33-9839-5E71B771C6FE}.Release|x86.ActiveCfg = Release|Any CPU
		{0B3C7701-6B75-4C33-9839-5E71B771C6FE}.Release|x86.Build.0 = Release|Any CPU
		{39A0490D-FF53-4A82-B6F7-3998AC346759}.Debug|Any CPU.ActiveCfg = Debug|Any CPU
		{39A0490D-FF53-4A82-B6F7-3998AC346759}.Debug|Any CPU.Build.0 = Debug|Any CPU
		{39A0490D-FF53-4A82-B6F7-3998AC346759}.Debug|x64.ActiveCfg = Debug|Any CPU
		{39A0490D-FF53-4A82-B6F7-3998AC346759}.Debug|x64.Build.0 = Debug|Any CPU
		{39A0490D-FF53-4A82-B6F7-3998AC346759}.Debug|x86.ActiveCfg = Debug|Any CPU
		{39A0490D-FF53-4A82-B6F7-3998AC346759}.Debug|x86.Build.0 = Debug|Any CPU
		{39A0490D-FF53-4A82-B6F7-3998AC346759}.Release|Any CPU.ActiveCfg = Release|Any CPU
		{39A0490D-FF53-4A82-B6F7-3998AC346759}.Release|Any CPU.Build.0 = Release|Any CPU
		{39A0490D-FF53-4A82-B6F7-3998AC346759}.Release|x64.ActiveCfg = Release|Any CPU
		{39A0490D-FF53-4A82-B6F7-3998AC346759}.Release|x64.Build.0 = Release|Any CPU
		{39A0490D-FF53-4A82-B6F7-3998AC346759}.Release|x86.ActiveCfg = Release|Any CPU
		{39A0490D-FF53-4A82-B6F7-3998AC346759}.Release|x86.Build.0 = Release|Any CPU
	EndGlobalSection
	GlobalSection(SolutionProperties) = preSolution
		HideSolutionNode = FALSE
	EndGlobalSection
	GlobalSection(NestedProjects) = preSolution
		{39A0490D-FF53-4A82-B6F7-3998AC346759} = {DD1426BF-F56F-49A8-9D4E-2BA0E3BEFC72}
	EndGlobalSection
	GlobalSection(ExtensibilityGlobals) = postSolution
		SolutionGuid = {B36AD060-F6AE-49C7-A310-B58B8467CE69}
	EndGlobalSection
EndGlobal
